
Microsoft Visual Studio Solution File, Format Version 12.00
# Visual Studio 15
VisualStudioVersion = 15.0.28307.106
MinimumVisualStudioVersion = 10.0.40219.1
Project("{8BC9CEB8-8B4A-11D0-8D11-00A0C91BC942}") = "Morse", "Morse\Morse.vcxproj", "{1D2D326B-0C00-4899-AD74-C664D1C43762}"
EndProject
Global
	GlobalSection(SolutionConfigurationPlatforms) = preSolution
		Debug|x64 = Debug|x64
		Debug|x86 = Debug|x86
		Release|x64 = Release|x64
		Release|x86 = Release|x86
	EndGlobalSection
	GlobalSection(ProjectConfigurationPlatforms) = postSolution
		{1D2D326B-0C00-4899-AD74-C664D1C43762}.Debug|x64.ActiveCfg = Debug|x64
		{1D2D326B-0C00-4899-AD74-C664D1C43762}.Debug|x64.Build.0 = Debug|x64
		{1D2D326B-0C00-4899-AD74-C664D1C43762}.Debug|x86.ActiveCfg = Debug|Win32
		{1D2D326B-0C00-4899-AD74-C664D1C43762}.Debug|x86.Build.0 = Debug|Win32
		{1D2D326B-0C00-4899-AD74-C664D1C43762}.Release|x64.ActiveCfg = Release|x64
		{1D2D326B-0C00-4899-AD74-C664D1C43762}.Release|x64.Build.0 = Release|x64
		{1D2D326B-0C00-4899-AD74-C664D1C43762}.Release|x86.ActiveCfg = Release|Win32
		{1D2D326B-0C00-4899-AD74-C664D1C43762}.Release|x86.Build.0 = Release|Win32
	EndGlobalSection
	GlobalSection(SolutionProperties) = preSolution
		HideSolutionNode = FALSE
	EndGlobalSection
	GlobalSection(ExtensibilityGlobals) = postSolution
		SolutionGuid = {03C95BBC-3EE7-48AF-BC77-5F396ED7024D}
	EndGlobalSection
EndGlobal
